
Microsoft Visual Studio Solution File, Format Version 12.00
# Visual Studio 2012
Project("{2150E333-8FDC-42A3-9474-1A3956D46DE8}") = "1. Presentation Layer", "1. Presentation Layer", "{E6238479-95F2-4CCC-8FE0-DDB06ADE11DF}"
EndProject
Project("{2150E333-8FDC-42A3-9474-1A3956D46DE8}") = "ATMParquearse", "ATMParquearse", "{FCC85CB5-2A30-440C-9F6A-9B3EBAD11FCA}"
EndProject
Project("{2150E333-8FDC-42A3-9474-1A3956D46DE8}") = "Windows Form", "Windows Form", "{A846FC9D-582B-413D-8F56-5263366AEBA2}"
EndProject
Project("{2150E333-8FDC-42A3-9474-1A3956D46DE8}") = "2. Hosting Layer", "2. Hosting Layer", "{F5F389D6-A5EC-49FC-AE74-655FE4269E86}"
EndProject
Project("{2150E333-8FDC-42A3-9474-1A3956D46DE8}") = "4. Service Layer", "4. Service Layer", "{1B4BACA5-1D81-44CE-9545-9B619483E039}"
EndProject
Project("{2150E333-8FDC-42A3-9474-1A3956D46DE8}") = "3. Proxy Layer", "3. Proxy Layer", "{EDB7822F-9F27-49AE-94B7-2E8A5079B769}"
EndProject
Project("{2150E333-8FDC-42A3-9474-1A3956D46DE8}") = "5. Device Layer", "5. Device Layer", "{03AEDF33-CE1E-4ECD-ACDA-DA6D46E1F08E}"
EndProject
Project("{2150E333-8FDC-42A3-9474-1A3956D46DE8}") = "6. Bussines Layer", "6. Bussines Layer", "{DCC4593B-8581-4345-BFB0-559D67A31A1D}"
EndProject
Project("{2150E333-8FDC-42A3-9474-1A3956D46DE8}") = "7. Framework", "7. Framework", "{473DE6F4-A0B8-4031-A38D-AB086F832A40}"
EndProject
Project("{2150E333-8FDC-42A3-9474-1A3956D46DE8}") = "Installer", "Installer", "{2B98D571-673B-4961-8C37-6C4947B08A9D}"
EndProject
Project("{FAE04EC0-301F-11D3-BF4B-00C04F79EFBC}") = "Ds.HostModuloComercial.ActionServer", "Ds.HostModuloComercial.ActionServer\Ds.HostModuloComercial.ActionServer.csproj", "{9362FC80-17C0-47F3-8B3F-C999792CF07A}"
EndProject
Project("{FAE04EC0-301F-11D3-BF4B-00C04F79EFBC}") = "Ds.ServiceProxy", "Ds.ServiceProxy\Ds.ServiceProxy.csproj", "{1139CFD5-70CB-41FE-BADF-C6F37D903773}"
	ProjectSection(ProjectDependencies) = postProject
		{9362FC80-17C0-47F3-8B3F-C999792CF07A} = {9362FC80-17C0-47F3-8B3F-C999792CF07A}
	EndProjectSection
EndProject
Project("{FAE04EC0-301F-11D3-BF4B-00C04F79EFBC}") = "Ds.BaseService", "Ds.BaseService\Ds.BaseService.csproj", "{7475836B-B40D-4DD1-AA02-76D28506942A}"
EndProject
Project("{FAE04EC0-301F-11D3-BF4B-00C04F79EFBC}") = "Ds.BusinessService", "Ds.BusinessService\Ds.BusinessService.csproj", "{2DF76CA1-CB45-4509-A1B1-40757D1991A7}"
EndProject
Project("{FAE04EC0-301F-11D3-BF4B-00C04F79EFBC}") = "Ds.ModuloComercialService", "Ds.ModuloComercialService\Ds.ModuloComercialService.csproj", "{9FCCFF44-9DAB-491F-8CAB-1E358D69694F}"
EndProject
Project("{FAE04EC0-301F-11D3-BF4B-00C04F79EFBC}") = "Ds.CtCoinDevice", "Ds.CtCoinDevice\Ds.CtCoinDevice.csproj", "{F0A8E10E-8DEA-4F8C-A555-406E52B23230}"
EndProject
Project("{FAE04EC0-301F-11D3-BF4B-00C04F79EFBC}") = "Ds.PLCDevice", "Ds.PLCDevice\Ds.PLCDevice.csproj", "{B37179C7-18D7-4094-89CF-6738F36FB9FB}"
EndProject
Project("{FAE04EC0-301F-11D3-BF4B-00C04F79EFBC}") = "Ds.PrinterDevice", "Ds.PrinterDevice\Ds.PrinterDevice.csproj", "{308168BB-8666-4155-891D-9B1301B7CB6C}"
EndProject
Project("{FAE04EC0-301F-11D3-BF4B-00C04F79EFBC}") = "Ds.BusinessObjects", "Ds.BusinessObjects\Ds.BusinessObjects.csproj", "{FF88AF37-1850-421C-A833-1F0E75B87D19}"
EndProject
Project("{FAE04EC0-301F-11D3-BF4B-00C04F79EFBC}") = "Ds.Exception", "Ds.Exception\Ds.Exception.csproj", "{CB0C977F-4327-4E66-B208-D537B379666E}"
EndProject
Project("{FAE04EC0-301F-11D3-BF4B-00C04F79EFBC}") = "Ds.Global", "Ds.Global\Ds.Global.csproj", "{69892E43-0384-47C5-A240-217E5AE4E171}"
EndProject
Project("{FAE04EC0-301F-11D3-BF4B-00C04F79EFBC}") = "Ds.Mensajes", "Ds.Mensajes\Ds.Mensajes.csproj", "{FB1EF46F-F120-4600-81F7-19F1A1E4445C}"
EndProject
Project("{FAE04EC0-301F-11D3-BF4B-00C04F79EFBC}") = "Ds.Ping", "Ds.Ping\Ds.Ping.csproj", "{C3752F64-1186-4EE3-B273-50844DB55456}"
EndProject
Project("{FAE04EC0-301F-11D3-BF4B-00C04F79EFBC}") = "Ds.Utilidades", "Ds.Utilidades\Ds.Utilidades.csproj", "{39038B2A-C877-4C96-BF39-FA07EA2BA965}"
EndProject
Project("{FAE04EC0-301F-11D3-BF4B-00C04F79EFBC}") = "Ds.WCFProxy", "Ds.WCFProxy\Ds.WCFProxy.csproj", "{14721E2B-3373-4977-8FCD-BFF1EC74E017}"
EndProject
Project("{FAE04EC0-301F-11D3-BF4B-00C04F79EFBC}") = "Ds.CashPaymentDevice", "Ds.CashPaymentDevice\Ds.CashPaymentDevice.csproj", "{F3697178-8AE6-4E5A-89DC-8DD773766106}"
EndProject
Project("{FAE04EC0-301F-11D3-BF4B-00C04F79EFBC}") = "Ds.DataService", "Ds.DataService\Ds.DataService.csproj", "{7CB50BCF-51FC-4D90-A3DE-52474AB35D6A}"
EndProject
Project("{FAE04EC0-301F-11D3-BF4B-00C04F79EFBC}") = "ATM.WinForm.FrontEnd", "ATM.WinForm.FrontEnd\ATM.WinForm.FrontEnd.csproj", "{1F980406-6021-4C71-A191-DB4D5A98ADBD}"
EndProject
Project("{FAE04EC0-301F-11D3-BF4B-00C04F79EFBC}") = "ATM.WinForm.Model", "ATM.WinForm.Model\ATM.WinForm.Model.csproj", "{696449AC-8A8A-49B9-B5EB-5FF8D713A1EA}"
EndProject
Project("{FAE04EC0-301F-11D3-BF4B-00C04F79EFBC}") = "ATM.WinForm.Presenter", "ATM.WinForm.Presenter\ATM.WinForm.Presenter.csproj", "{F6B6DDD9-63FC-4C77-9C3D-87242F7D439A}"
EndProject
Project("{FAE04EC0-301F-11D3-BF4B-00C04F79EFBC}") = "ATM.WinForm.View", "ATM.WinForm.View\ATM.WinForm.View.csproj", "{6638A36A-2C78-4F81-85DF-A2B570148052}"
EndProject
Project("{FAE04EC0-301F-11D3-BF4B-00C04F79EFBC}") = "Ds.Datafono", "Ds.Datafono\Ds.Datafono.csproj", "{CB7F3139-D1F7-4D81-A182-A5431608BF90}"
EndProject
Project("{FAE04EC0-301F-11D3-BF4B-00C04F79EFBC}") = "Ds.LectorDevice", "Ds.LectorDevice\Ds.LectorDevice.csproj", "{1403584D-9F44-4949-BEFE-CCDD2A5221A9}"
EndProject
Project("{FAE04EC0-301F-11D3-BF4B-00C04F79EFBC}") = "CredibancoDevice", "CredibancoDevice\CredibancoDevice.csproj", "{0FB17E90-1AFE-4B80-98BF-08CC2DAC5955}"
EndProject
Global
	GlobalSection(SolutionConfigurationPlatforms) = preSolution
		CD_ROM|Any CPU = CD_ROM|Any CPU
		CD_ROM|x86 = CD_ROM|x86
		Debug|Any CPU = Debug|Any CPU
		Debug|x86 = Debug|x86
		DVD-5|Any CPU = DVD-5|Any CPU
		DVD-5|x86 = DVD-5|x86
		Release|Any CPU = Release|Any CPU
		Release|x86 = Release|x86
		SingleImage|Any CPU = SingleImage|Any CPU
		SingleImage|x86 = SingleImage|x86
	EndGlobalSection
	GlobalSection(ProjectConfigurationPlatforms) = postSolution
		{9362FC80-17C0-47F3-8B3F-C999792CF07A}.CD_ROM|Any CPU.ActiveCfg = Release|Any CPU
		{9362FC80-17C0-47F3-8B3F-C999792CF07A}.CD_ROM|Any CPU.Build.0 = Release|Any CPU
		{9362FC80-17C0-47F3-8B3F-C999792CF07A}.CD_ROM|x86.ActiveCfg = Release|Any CPU
		{9362FC80-17C0-47F3-8B3F-C999792CF07A}.Debug|Any CPU.ActiveCfg = Debug|Any CPU
		{9362FC80-17C0-47F3-8B3F-C999792CF07A}.Debug|Any CPU.Build.0 = Debug|Any CPU
		{9362FC80-17C0-47F3-8B3F-C999792CF07A}.Debug|x86.ActiveCfg = Debug|Any CPU
		{9362FC80-17C0-47F3-8B3F-C999792CF07A}.DVD-5|Any CPU.ActiveCfg = Debug|Any CPU
		{9362FC80-17C0-47F3-8B3F-C999792CF07A}.DVD-5|Any CPU.Build.0 = Debug|Any CPU
		{9362FC80-17C0-47F3-8B3F-C999792CF07A}.DVD-5|x86.ActiveCfg = Debug|Any CPU
		{9362FC80-17C0-47F3-8B3F-C999792CF07A}.Release|Any CPU.ActiveCfg = Release|Any CPU
		{9362FC80-17C0-47F3-8B3F-C999792CF07A}.Release|Any CPU.Build.0 = Release|Any CPU
		{9362FC80-17C0-47F3-8B3F-C999792CF07A}.Release|x86.ActiveCfg = Release|Any CPU
		{9362FC80-17C0-47F3-8B3F-C999792CF07A}.SingleImage|Any CPU.ActiveCfg = Release|Any CPU
		{9362FC80-17C0-47F3-8B3F-C999792CF07A}.SingleImage|Any CPU.Build.0 = Release|Any CPU
		{9362FC80-17C0-47F3-8B3F-C999792CF07A}.SingleImage|x86.ActiveCfg = Release|Any CPU
		{1139CFD5-70CB-41FE-BADF-C6F37D903773}.CD_ROM|Any CPU.ActiveCfg = Release|Any CPU
		{1139CFD5-70CB-41FE-BADF-C6F37D903773}.CD_ROM|Any CPU.Build.0 = Release|Any CPU
		{1139CFD5-70CB-41FE-BADF-C6F37D903773}.CD_ROM|x86.ActiveCfg = Release|x86
		{1139CFD5-70CB-41FE-BADF-C6F37D903773}.CD_ROM|x86.Build.0 = Release|x86
		{1139CFD5-70CB-41FE-BADF-C6F37D903773}.Debug|Any CPU.ActiveCfg = Debug|Any CPU
		{1139CFD5-70CB-41FE-BADF-C6F37D903773}.Debug|Any CPU.Build.0 = Debug|Any CPU
		{1139CFD5-70CB-41FE-BADF-C6F37D903773}.Debug|x86.ActiveCfg = Debug|x86
		{1139CFD5-70CB-41FE-BADF-C6F37D903773}.Debug|x86.Build.0 = Debug|x86
		{1139CFD5-70CB-41FE-BADF-C6F37D903773}.DVD-5|Any CPU.ActiveCfg = Debug|Any CPU
		{1139CFD5-70CB-41FE-BADF-C6F37D903773}.DVD-5|Any CPU.Build.0 = Debug|Any CPU
		{1139CFD5-70CB-41FE-BADF-C6F37D903773}.DVD-5|x86.ActiveCfg = Debug|x86
		{1139CFD5-70CB-41FE-BADF-C6F37D903773}.DVD-5|x86.Build.0 = Debug|x86
		{1139CFD5-70CB-41FE-BADF-C6F37D903773}.Release|Any CPU.ActiveCfg = Release|Any CPU
		{1139CFD5-70CB-41FE-BADF-C6F37D903773}.Release|Any CPU.Build.0 = Release|Any CPU
		{1139CFD5-70CB-41FE-BADF-C6F37D903773}.Release|x86.ActiveCfg = Release|x86
		{1139CFD5-70CB-41FE-BADF-C6F37D903773}.Release|x86.Build.0 = Release|x86
		{1139CFD5-70CB-41FE-BADF-C6F37D903773}.SingleImage|Any CPU.ActiveCfg = Release|Any CPU
		{1139CFD5-70CB-41FE-BADF-C6F37D903773}.SingleImage|Any CPU.Build.0 = Release|Any CPU
		{1139CFD5-70CB-41FE-BADF-C6F37D903773}.SingleImage|x86.ActiveCfg = Release|x86
		{1139CFD5-70CB-41FE-BADF-C6F37D903773}.SingleImage|x86.Build.0 = Release|x86
		{7475836B-B40D-4DD1-AA02-76D28506942A}.CD_ROM|Any CPU.ActiveCfg = Release|Any CPU
		{7475836B-B40D-4DD1-AA02-76D28506942A}.CD_ROM|Any CPU.Build.0 = Release|Any CPU
		{7475836B-B40D-4DD1-AA02-76D28506942A}.CD_ROM|x86.ActiveCfg = Release|Any CPU
		{7475836B-B40D-4DD1-AA02-76D28506942A}.Debug|Any CPU.ActiveCfg = Debug|Any CPU
		{7475836B-B40D-4DD1-AA02-76D28506942A}.Debug|Any CPU.Build.0 = Debug|Any CPU
		{7475836B-B40D-4DD1-AA02-76D28506942A}.Debug|x86.ActiveCfg = Debug|Any CPU
		{7475836B-B40D-4DD1-AA02-76D28506942A}.DVD-5|Any CPU.ActiveCfg = Debug|Any CPU
		{7475836B-B40D-4DD1-AA02-76D28506942A}.DVD-5|Any CPU.Build.0 = Debug|Any CPU
		{7475836B-B40D-4DD1-AA02-76D28506942A}.DVD-5|x86.ActiveCfg = Debug|Any CPU
		{7475836B-B40D-4DD1-AA02-76D28506942A}.Release|Any CPU.ActiveCfg = Release|Any CPU
		{7475836B-B40D-4DD1-AA02-76D28506942A}.Release|Any CPU.Build.0 = Release|Any CPU
		{7475836B-B40D-4DD1-AA02-76D28506942A}.Release|x86.ActiveCfg = Release|Any CPU
		{7475836B-B40D-4DD1-AA02-76D28506942A}.SingleImage|Any CPU.ActiveCfg = Release|Any CPU
		{7475836B-B40D-4DD1-AA02-76D28506942A}.SingleImage|Any CPU.Build.0 = Release|Any CPU
		{7475836B-B40D-4DD1-AA02-76D28506942A}.SingleImage|x86.ActiveCfg = Release|Any CPU
		{2DF76CA1-CB45-4509-A1B1-40757D1991A7}.CD_ROM|Any CPU.ActiveCfg = Release|Any CPU
		{2DF76CA1-CB45-4509-A1B1-40757D1991A7}.CD_ROM|Any CPU.Build.0 = Release|Any CPU
		{2DF76CA1-CB45-4509-A1B1-40757D1991A7}.CD_ROM|x86.ActiveCfg = Release|Any CPU
		{2DF76CA1-CB45-4509-A1B1-40757D1991A7}.Debug|Any CPU.ActiveCfg = Debug|Any CPU
		{2DF76CA1-CB45-4509-A1B1-40757D1991A7}.Debug|Any CPU.Build.0 = Debug|Any CPU
		{2DF76CA1-CB45-4509-A1B1-40757D1991A7}.Debug|x86.ActiveCfg = Debug|Any CPU
		{2DF76CA1-CB45-4509-A1B1-40757D1991A7}.DVD-5|Any CPU.ActiveCfg = Debug|Any CPU
		{2DF76CA1-CB45-4509-A1B1-40757D1991A7}.DVD-5|Any CPU.Build.0 = Debug|Any CPU
		{2DF76CA1-CB45-4509-A1B1-40757D1991A7}.DVD-5|x86.ActiveCfg = Debug|Any CPU
		{2DF76CA1-CB45-4509-A1B1-40757D1991A7}.Release|Any CPU.ActiveCfg = Release|Any CPU
		{2DF76CA1-CB45-4509-A1B1-40757D1991A7}.Release|Any CPU.Build.0 = Release|Any CPU
		{2DF76CA1-CB45-4509-A1B1-40757D1991A7}.Release|x86.ActiveCfg = Release|Any CPU
		{2DF76CA1-CB45-4509-A1B1-40757D1991A7}.SingleImage|Any CPU.ActiveCfg = Release|Any CPU
		{2DF76CA1-CB45-4509-A1B1-40757D1991A7}.SingleImage|Any CPU.Build.0 = Release|Any CPU
		{2DF76CA1-CB45-4509-A1B1-40757D1991A7}.SingleImage|x86.ActiveCfg = Release|Any CPU
		{9FCCFF44-9DAB-491F-8CAB-1E358D69694F}.CD_ROM|Any CPU.ActiveCfg = Release|Any CPU
		{9FCCFF44-9DAB-491F-8CAB-1E358D69694F}.CD_ROM|Any CPU.Build.0 = Release|Any CPU
		{9FCCFF44-9DAB-491F-8CAB-1E358D69694F}.CD_ROM|x86.ActiveCfg = Release|Any CPU
		{9FCCFF44-9DAB-491F-8CAB-1E358D69694F}.Debug|Any CPU.ActiveCfg = Debug|Any CPU
		{9FCCFF44-9DAB-491F-8CAB-1E358D69694F}.Debug|Any CPU.Build.0 = Debug|Any CPU
		{9FCCFF44-9DAB-491F-8CAB-1E358D69694F}.Debug|x86.ActiveCfg = Debug|Any CPU
		{9FCCFF44-9DAB-491F-8CAB-1E358D69694F}.DVD-5|Any CPU.ActiveCfg = Debug|Any CPU
		{9FCCFF44-9DAB-491F-8CAB-1E358D69694F}.DVD-5|Any CPU.Build.0 = Debug|Any CPU
		{9FCCFF44-9DAB-491F-8CAB-1E358D69694F}.DVD-5|x86.ActiveCfg = Debug|Any CPU
		{9FCCFF44-9DAB-491F-8CAB-1E358D69694F}.Release|Any CPU.ActiveCfg = Release|Any CPU
		{9FCCFF44-9DAB-491F-8CAB-1E358D69694F}.Release|Any CPU.Build.0 = Release|Any CPU
		{9FCCFF44-9DAB-491F-8CAB-1E358D69694F}.Release|x86.ActiveCfg = Release|Any CPU
		{9FCCFF44-9DAB-491F-8CAB-1E358D69694F}.SingleImage|Any CPU.ActiveCfg = Release|Any CPU
		{9FCCFF44-9DAB-491F-8CAB-1E358D69694F}.SingleImage|Any CPU.Build.0 = Release|Any CPU
		{9FCCFF44-9DAB-491F-8CAB-1E358D69694F}.SingleImage|x86.ActiveCfg = Release|Any CPU
		{F0A8E10E-8DEA-4F8C-A555-406E52B23230}.CD_ROM|Any CPU.ActiveCfg = Release|Any CPU
		{F0A8E10E-8DEA-4F8C-A555-406E52B23230}.CD_ROM|Any CPU.Build.0 = Release|Any CPU
		{F0A8E10E-8DEA-4F8C-A555-406E52B23230}.CD_ROM|x86.ActiveCfg = Release|Any CPU
		{F0A8E10E-8DEA-4F8C-A555-406E52B23230}.Debug|Any CPU.ActiveCfg = Debug|Any CPU
		{F0A8E10E-8DEA-4F8C-A555-406E52B23230}.Debug|Any CPU.Build.0 = Debug|Any CPU
		{F0A8E10E-8DEA-4F8C-A555-406E52B23230}.Debug|x86.ActiveCfg = Debug|Any CPU
		{F0A8E10E-8DEA-4F8C-A555-406E52B23230}.DVD-5|Any CPU.ActiveCfg = Debug|Any CPU
		{F0A8E10E-8DEA-4F8C-A555-406E52B23230}.DVD-5|Any CPU.Build.0 = Debug|Any CPU
		{F0A8E10E-8DEA-4F8C-A555-406E52B23230}.DVD-5|x86.ActiveCfg = Debug|Any CPU
		{F0A8E10E-8DEA-4F8C-A555-406E52B23230}.Release|Any CPU.ActiveCfg = Release|Any CPU
		{F0A8E10E-8DEA-4F8C-A555-406E52B23230}.Release|Any CPU.Build.0 = Release|Any CPU
		{F0A8E10E-8DEA-4F8C-A555-406E52B23230}.Release|x86.ActiveCfg = Release|Any CPU
		{F0A8E10E-8DEA-4F8C-A555-406E52B23230}.SingleImage|Any CPU.ActiveCfg = Release|Any CPU
		{F0A8E10E-8DEA-4F8C-A555-406E52B23230}.SingleImage|Any CPU.Build.0 = Release|Any CPU
		{F0A8E10E-8DEA-4F8C-A555-406E52B23230}.SingleImage|x86.ActiveCfg = Release|Any CPU
		{B37179C7-18D7-4094-89CF-6738F36FB9FB}.CD_ROM|Any CPU.ActiveCfg = Release|Any CPU
		{B37179C7-18D7-4094-89CF-6738F36FB9FB}.CD_ROM|Any CPU.Build.0 = Release|Any CPU
		{B37179C7-18D7-4094-89CF-6738F36FB9FB}.CD_ROM|x86.ActiveCfg = Release|x86
		{B37179C7-18D7-4094-89CF-6738F36FB9FB}.CD_ROM|x86.Build.0 = Release|x86
		{B37179C7-18D7-4094-89CF-6738F36FB9FB}.Debug|Any CPU.ActiveCfg = Debug|Any CPU
		{B37179C7-18D7-4094-89CF-6738F36FB9FB}.Debug|Any CPU.Build.0 = Debug|Any CPU
		{B37179C7-18D7-4094-89CF-6738F36FB9FB}.Debug|x86.ActiveCfg = Debug|x86
		{B37179C7-18D7-4094-89CF-6738F36FB9FB}.Debug|x86.Build.0 = Debug|x86
		{B37179C7-18D7-4094-89CF-6738F36FB9FB}.DVD-5|Any CPU.ActiveCfg = Debug|Any CPU
		{B37179C7-18D7-4094-89CF-6738F36FB9FB}.DVD-5|Any CPU.Build.0 = Debug|Any CPU
		{B37179C7-18D7-4094-89CF-6738F36FB9FB}.DVD-5|x86.ActiveCfg = Debug|x86
		{B37179C7-18D7-4094-89CF-6738F36FB9FB}.DVD-5|x86.Build.0 = Debug|x86
		{B37179C7-18D7-4094-89CF-6738F36FB9FB}.Release|Any CPU.ActiveCfg = Release|Any CPU
		{B37179C7-18D7-4094-89CF-6738F36FB9FB}.Release|Any CPU.Build.0 = Release|Any CPU
		{B37179C7-18D7-4094-89CF-6738F36FB9FB}.Release|x86.ActiveCfg = Release|x86
		{B37179C7-18D7-4094-89CF-6738F36FB9FB}.Release|x86.Build.0 = Release|x86
		{B37179C7-18D7-4094-89CF-6738F36FB9FB}.SingleImage|Any CPU.ActiveCfg = Release|Any CPU
		{B37179C7-18D7-4094-89CF-6738F36FB9FB}.SingleImage|Any CPU.Build.0 = Release|Any CPU
		{B37179C7-18D7-4094-89CF-6738F36FB9FB}.SingleImage|x86.ActiveCfg = Release|x86
		{B37179C7-18D7-4094-89CF-6738F36FB9FB}.SingleImage|x86.Build.0 = Release|x86
		{308168BB-8666-4155-891D-9B1301B7CB6C}.CD_ROM|Any CPU.ActiveCfg = Release|Any CPU
		{308168BB-8666-4155-891D-9B1301B7CB6C}.CD_ROM|Any CPU.Build.0 = Release|Any CPU
		{308168BB-8666-4155-891D-9B1301B7CB6C}.CD_ROM|x86.ActiveCfg = Release|Any CPU
		{308168BB-8666-4155-891D-9B1301B7CB6C}.Debug|Any CPU.ActiveCfg = Debug|Any CPU
		{308168BB-8666-4155-891D-9B1301B7CB6C}.Debug|Any CPU.Build.0 = Debug|Any CPU
		{308168BB-8666-4155-891D-9B1301B7CB6C}.Debug|x86.ActiveCfg = Debug|Any CPU
		{308168BB-8666-4155-891D-9B1301B7CB6C}.DVD-5|Any CPU.ActiveCfg = Debug|Any CPU
		{308168BB-8666-4155-891D-9B1301B7CB6C}.DVD-5|Any CPU.Build.0 = Debug|Any CPU
		{308168BB-8666-4155-891D-9B1301B7CB6C}.DVD-5|x86.ActiveCfg = Debug|Any CPU
		{308168BB-8666-4155-891D-9B1301B7CB6C}.Release|Any CPU.ActiveCfg = Release|Any CPU
		{308168BB-8666-4155-891D-9B1301B7CB6C}.Release|Any CPU.Build.0 = Release|Any CPU
		{308168BB-8666-4155-891D-9B1301B7CB6C}.Release|x86.ActiveCfg = Release|Any CPU
		{308168BB-8666-4155-891D-9B1301B7CB6C}.SingleImage|Any CPU.ActiveCfg = Release|Any CPU
		{308168BB-8666-4155-891D-9B1301B7CB6C}.SingleImage|Any CPU.Build.0 = Release|Any CPU
		{308168BB-8666-4155-891D-9B1301B7CB6C}.SingleImage|x86.ActiveCfg = Release|Any CPU
		{FF88AF37-1850-421C-A833-1F0E75B87D19}.CD_ROM|Any CPU.ActiveCfg = Release|Any CPU
		{FF88AF37-1850-421C-A833-1F0E75B87D19}.CD_ROM|Any CPU.Build.0 = Release|Any CPU
		{FF88AF37-1850-421C-A833-1F0E75B87D19}.CD_ROM|x86.ActiveCfg = Release|Any CPU
		{FF88AF37-1850-421C-A833-1F0E75B87D19}.Debug|Any CPU.ActiveCfg = Debug|Any CPU
		{FF88AF37-1850-421C-A833-1F0E75B87D19}.Debug|Any CPU.Build.0 = Debug|Any CPU
		{FF88AF37-1850-421C-A833-1F0E75B87D19}.Debug|x86.ActiveCfg = Debug|Any CPU
		{FF88AF37-1850-421C-A833-1F0E75B87D19}.DVD-5|Any CPU.ActiveCfg = Debug|Any CPU
		{FF88AF37-1850-421C-A833-1F0E75B87D19}.DVD-5|Any CPU.Build.0 = Debug|Any CPU
		{FF88AF37-1850-421C-A833-1F0E75B87D19}.DVD-5|x86.ActiveCfg = Debug|Any CPU
		{FF88AF37-1850-421C-A833-1F0E75B87D19}.Release|Any CPU.ActiveCfg = Release|Any CPU
		{FF88AF37-1850-421C-A833-1F0E75B87D19}.Release|Any CPU.Build.0 = Release|Any CPU
		{FF88AF37-1850-421C-A833-1F0E75B87D19}.Release|x86.ActiveCfg = Release|Any CPU
		{FF88AF37-1850-421C-A833-1F0E75B87D19}.SingleImage|Any CPU.ActiveCfg = Release|Any CPU
		{FF88AF37-1850-421C-A833-1F0E75B87D19}.SingleImage|Any CPU.Build.0 = Release|Any CPU
		{FF88AF37-1850-421C-A833-1F0E75B87D19}.SingleImage|x86.ActiveCfg = Release|Any CPU
		{CB0C977F-4327-4E66-B208-D537B379666E}.CD_ROM|Any CPU.ActiveCfg = Release|Any CPU
		{CB0C977F-4327-4E66-B208-D537B379666E}.CD_ROM|Any CPU.Build.0 = Release|Any CPU
		{CB0C977F-4327-4E66-B208-D537B379666E}.CD_ROM|x86.ActiveCfg = Release|Any CPU
		{CB0C977F-4327-4E66-B208-D537B379666E}.Debug|Any CPU.ActiveCfg = Debug|Any CPU
		{CB0C977F-4327-4E66-B208-D537B379666E}.Debug|Any CPU.Build.0 = Debug|Any CPU
		{CB0C977F-4327-4E66-B208-D537B379666E}.Debug|x86.ActiveCfg = Debug|Any CPU
		{CB0C977F-4327-4E66-B208-D537B379666E}.DVD-5|Any CPU.ActiveCfg = Debug|Any CPU
		{CB0C977F-4327-4E66-B208-D537B379666E}.DVD-5|Any CPU.Build.0 = Debug|Any CPU
		{CB0C977F-4327-4E66-B208-D537B379666E}.DVD-5|x86.ActiveCfg = Debug|Any CPU
		{CB0C977F-4327-4E66-B208-D537B379666E}.Release|Any CPU.ActiveCfg = Release|Any CPU
		{CB0C977F-4327-4E66-B208-D537B379666E}.Release|Any CPU.Build.0 = Release|Any CPU
		{CB0C977F-4327-4E66-B208-D537B379666E}.Release|x86.ActiveCfg = Release|Any CPU
		{CB0C977F-4327-4E66-B208-D537B379666E}.SingleImage|Any CPU.ActiveCfg = Release|Any CPU
		{CB0C977F-4327-4E66-B208-D537B379666E}.SingleImage|Any CPU.Build.0 = Release|Any CPU
		{CB0C977F-4327-4E66-B208-D537B379666E}.SingleImage|x86.ActiveCfg = Release|Any CPU
		{69892E43-0384-47C5-A240-217E5AE4E171}.CD_ROM|Any CPU.ActiveCfg = Release|Any CPU
		{69892E43-0384-47C5-A240-217E5AE4E171}.CD_ROM|Any CPU.Build.0 = Release|Any CPU
		{69892E43-0384-47C5-A240-217E5AE4E171}.CD_ROM|x86.ActiveCfg = Release|Any CPU
		{69892E43-0384-47C5-A240-217E5AE4E171}.Debug|Any CPU.ActiveCfg = Debug|Any CPU
		{69892E43-0384-47C5-A240-217E5AE4E171}.Debug|Any CPU.Build.0 = Debug|Any CPU
		{69892E43-0384-47C5-A240-217E5AE4E171}.Debug|x86.ActiveCfg = Debug|Any CPU
		{69892E43-0384-47C5-A240-217E5AE4E171}.DVD-5|Any CPU.ActiveCfg = Debug|Any CPU
		{69892E43-0384-47C5-A240-217E5AE4E171}.DVD-5|Any CPU.Build.0 = Debug|Any CPU
		{69892E43-0384-47C5-A240-217E5AE4E171}.DVD-5|x86.ActiveCfg = Debug|Any CPU
		{69892E43-0384-47C5-A240-217E5AE4E171}.Release|Any CPU.ActiveCfg = Release|Any CPU
		{69892E43-0384-47C5-A240-217E5AE4E171}.Release|Any CPU.Build.0 = Release|Any CPU
		{69892E43-0384-47C5-A240-217E5AE4E171}.Release|x86.ActiveCfg = Release|Any CPU
		{69892E43-0384-47C5-A240-217E5AE4E171}.SingleImage|Any CPU.ActiveCfg = Release|Any CPU
		{69892E43-0384-47C5-A240-217E5AE4E171}.SingleImage|Any CPU.Build.0 = Release|Any CPU
		{69892E43-0384-47C5-A240-217E5AE4E171}.SingleImage|x86.ActiveCfg = Release|Any CPU
		{FB1EF46F-F120-4600-81F7-19F1A1E4445C}.CD_ROM|Any CPU.ActiveCfg = Release|Any CPU
		{FB1EF46F-F120-4600-81F7-19F1A1E4445C}.CD_ROM|Any CPU.Build.0 = Release|Any CPU
		{FB1EF46F-F120-4600-81F7-19F1A1E4445C}.CD_ROM|x86.ActiveCfg = Release|Any CPU
		{FB1EF46F-F120-4600-81F7-19F1A1E4445C}.Debug|Any CPU.ActiveCfg = Debug|Any CPU
		{FB1EF46F-F120-4600-81F7-19F1A1E4445C}.Debug|Any CPU.Build.0 = Debug|Any CPU
		{FB1EF46F-F120-4600-81F7-19F1A1E4445C}.Debug|x86.ActiveCfg = Debug|Any CPU
		{FB1EF46F-F120-4600-81F7-19F1A1E4445C}.DVD-5|Any CPU.ActiveCfg = Debug|Any CPU
		{FB1EF46F-F120-4600-81F7-19F1A1E4445C}.DVD-5|Any CPU.Build.0 = Debug|Any CPU
		{FB1EF46F-F120-4600-81F7-19F1A1E4445C}.DVD-5|x86.ActiveCfg = Debug|Any CPU
		{FB1EF46F-F120-4600-81F7-19F1A1E4445C}.Release|Any CPU.ActiveCfg = Release|Any CPU
		{FB1EF46F-F120-4600-81F7-19F1A1E4445C}.Release|Any CPU.Build.0 = Release|Any CPU
		{FB1EF46F-F120-4600-81F7-19F1A1E4445C}.Release|x86.ActiveCfg = Release|Any CPU
		{FB1EF46F-F120-4600-81F7-19F1A1E4445C}.SingleImage|Any CPU.ActiveCfg = Release|Any CPU
		{FB1EF46F-F120-4600-81F7-19F1A1E4445C}.SingleImage|Any CPU.Build.0 = Release|Any CPU
		{FB1EF46F-F120-4600-81F7-19F1A1E4445C}.SingleImage|x86.ActiveCfg = Release|Any CPU
		{C3752F64-1186-4EE3-B273-50844DB55456}.CD_ROM|Any CPU.ActiveCfg = Release|Any CPU
		{C3752F64-1186-4EE3-B273-50844DB55456}.CD_ROM|Any CPU.Build.0 = Release|Any CPU
		{C3752F64-1186-4EE3-B273-50844DB55456}.CD_ROM|x86.ActiveCfg = Release|Any CPU
		{C3752F64-1186-4EE3-B273-50844DB55456}.Debug|Any CPU.ActiveCfg = Debug|Any CPU
		{C3752F64-1186-4EE3-B273-50844DB55456}.Debug|Any CPU.Build.0 = Debug|Any CPU
		{C3752F64-1186-4EE3-B273-50844DB55456}.Debug|x86.ActiveCfg = Debug|Any CPU
		{C3752F64-1186-4EE3-B273-50844DB55456}.DVD-5|Any CPU.ActiveCfg = Debug|Any CPU
		{C3752F64-1186-4EE3-B273-50844DB55456}.DVD-5|Any CPU.Build.0 = Debug|Any CPU
		{C3752F64-1186-4EE3-B273-50844DB55456}.DVD-5|x86.ActiveCfg = Debug|Any CPU
		{C3752F64-1186-4EE3-B273-50844DB55456}.Release|Any CPU.ActiveCfg = Release|Any CPU
		{C3752F64-1186-4EE3-B273-50844DB55456}.Release|Any CPU.Build.0 = Release|Any CPU
		{C3752F64-1186-4EE3-B273-50844DB55456}.Release|x86.ActiveCfg = Release|Any CPU
		{C3752F64-1186-4EE3-B273-50844DB55456}.SingleImage|Any CPU.ActiveCfg = Release|Any CPU
		{C3752F64-1186-4EE3-B273-50844DB55456}.SingleImage|Any CPU.Build.0 = Release|Any CPU
		{C3752F64-1186-4EE3-B273-50844DB55456}.SingleImage|x86.ActiveCfg = Release|Any CPU
		{39038B2A-C877-4C96-BF39-FA07EA2BA965}.CD_ROM|Any CPU.ActiveCfg = Release|Any CPU
		{39038B2A-C877-4C96-BF39-FA07EA2BA965}.CD_ROM|Any CPU.Build.0 = Release|Any CPU
		{39038B2A-C877-4C96-BF39-FA07EA2BA965}.CD_ROM|x86.ActiveCfg = Release|Any CPU
		{39038B2A-C877-4C96-BF39-FA07EA2BA965}.Debug|Any CPU.ActiveCfg = Debug|Any CPU
		{39038B2A-C877-4C96-BF39-FA07EA2BA965}.Debug|Any CPU.Build.0 = Debug|Any CPU
		{39038B2A-C877-4C96-BF39-FA07EA2BA965}.Debug|x86.ActiveCfg = Debug|Any CPU
		{39038B2A-C877-4C96-BF39-FA07EA2BA965}.DVD-5|Any CPU.ActiveCfg = Debug|Any CPU
		{39038B2A-C877-4C96-BF39-FA07EA2BA965}.DVD-5|Any CPU.Build.0 = Debug|Any CPU
		{39038B2A-C877-4C96-BF39-FA07EA2BA965}.DVD-5|x86.ActiveCfg = Debug|Any CPU
		{39038B2A-C877-4C96-BF39-FA07EA2BA965}.Release|Any CPU.ActiveCfg = Release|Any CPU
		{39038B2A-C877-4C96-BF39-FA07EA2BA965}.Release|Any CPU.Build.0 = Release|Any CPU
		{39038B2A-C877-4C96-BF39-FA07EA2BA965}.Release|x86.ActiveCfg = Release|Any CPU
		{39038B2A-C877-4C96-BF39-FA07EA2BA965}.SingleImage|Any CPU.ActiveCfg = Release|Any CPU
		{39038B2A-C877-4C96-BF39-FA07EA2BA965}.SingleImage|Any CPU.Build.0 = Release|Any CPU
		{39038B2A-C877-4C96-BF39-FA07EA2BA965}.SingleImage|x86.ActiveCfg = Release|Any CPU
		{14721E2B-3373-4977-8FCD-BFF1EC74E017}.CD_ROM|Any CPU.ActiveCfg = Release|Any CPU
		{14721E2B-3373-4977-8FCD-BFF1EC74E017}.CD_ROM|Any CPU.Build.0 = Release|Any CPU
		{14721E2B-3373-4977-8FCD-BFF1EC74E017}.CD_ROM|x86.ActiveCfg = Release|Any CPU
		{14721E2B-3373-4977-8FCD-BFF1EC74E017}.Debug|Any CPU.ActiveCfg = Debug|Any CPU
		{14721E2B-3373-4977-8FCD-BFF1EC74E017}.Debug|Any CPU.Build.0 = Debug|Any CPU
		{14721E2B-3373-4977-8FCD-BFF1EC74E017}.Debug|x86.ActiveCfg = Debug|Any CPU
		{14721E2B-3373-4977-8FCD-BFF1EC74E017}.DVD-5|Any CPU.ActiveCfg = Debug|Any CPU
		{14721E2B-3373-4977-8FCD-BFF1EC74E017}.DVD-5|Any CPU.Build.0 = Debug|Any CPU
		{14721E2B-3373-4977-8FCD-BFF1EC74E017}.DVD-5|x86.ActiveCfg = Debug|Any CPU
		{14721E2B-3373-4977-8FCD-BFF1EC74E017}.Release|Any CPU.ActiveCfg = Release|Any CPU
		{14721E2B-3373-4977-8FCD-BFF1EC74E017}.Release|Any CPU.Build.0 = Release|Any CPU
		{14721E2B-3373-4977-8FCD-BFF1EC74E017}.Release|x86.ActiveCfg = Release|Any CPU
		{14721E2B-3373-4977-8FCD-BFF1EC74E017}.SingleImage|Any CPU.ActiveCfg = Release|Any CPU
		{14721E2B-3373-4977-8FCD-BFF1EC74E017}.SingleImage|Any CPU.Build.0 = Release|Any CPU
		{14721E2B-3373-4977-8FCD-BFF1EC74E017}.SingleImage|x86.ActiveCfg = Release|Any CPU
		{F3697178-8AE6-4E5A-89DC-8DD773766106}.CD_ROM|Any CPU.ActiveCfg = Release|Any CPU
		{F3697178-8AE6-4E5A-89DC-8DD773766106}.CD_ROM|Any CPU.Build.0 = Release|Any CPU
		{F3697178-8AE6-4E5A-89DC-8DD773766106}.CD_ROM|x86.ActiveCfg = Release|Any CPU
		{F3697178-8AE6-4E5A-89DC-8DD773766106}.Debug|Any CPU.ActiveCfg = Debug|Any CPU
		{F3697178-8AE6-4E5A-89DC-8DD773766106}.Debug|Any CPU.Build.0 = Debug|Any CPU
		{F3697178-8AE6-4E5A-89DC-8DD773766106}.Debug|x86.ActiveCfg = Debug|Any CPU
		{F3697178-8AE6-4E5A-89DC-8DD773766106}.DVD-5|Any CPU.ActiveCfg = Debug|Any CPU
		{F3697178-8AE6-4E5A-89DC-8DD773766106}.DVD-5|Any CPU.Build.0 = Debug|Any CPU
		{F3697178-8AE6-4E5A-89DC-8DD773766106}.DVD-5|x86.ActiveCfg = Debug|Any CPU
		{F3697178-8AE6-4E5A-89DC-8DD773766106}.Release|Any CPU.ActiveCfg = Release|Any CPU
		{F3697178-8AE6-4E5A-89DC-8DD773766106}.Release|Any CPU.Build.0 = Release|Any CPU
		{F3697178-8AE6-4E5A-89DC-8DD773766106}.Release|x86.ActiveCfg = Release|Any CPU
		{F3697178-8AE6-4E5A-89DC-8DD773766106}.SingleImage|Any CPU.ActiveCfg = Release|Any CPU
		{F3697178-8AE6-4E5A-89DC-8DD773766106}.SingleImage|Any CPU.Build.0 = Release|Any CPU
		{F3697178-8AE6-4E5A-89DC-8DD773766106}.SingleImage|x86.ActiveCfg = Release|Any CPU
		{7CB50BCF-51FC-4D90-A3DE-52474AB35D6A}.CD_ROM|Any CPU.ActiveCfg = Release|Any CPU
		{7CB50BCF-51FC-4D90-A3DE-52474AB35D6A}.CD_ROM|Any CPU.Build.0 = Release|Any CPU
		{7CB50BCF-51FC-4D90-A3DE-52474AB35D6A}.CD_ROM|x86.ActiveCfg = Release|Any CPU
		{7CB50BCF-51FC-4D90-A3DE-52474AB35D6A}.Debug|Any CPU.ActiveCfg = Debug|Any CPU
		{7CB50BCF-51FC-4D90-A3DE-52474AB35D6A}.Debug|Any CPU.Build.0 = Debug|Any CPU
		{7CB50BCF-51FC-4D90-A3DE-52474AB35D6A}.Debug|x86.ActiveCfg = Debug|Any CPU
		{7CB50BCF-51FC-4D90-A3DE-52474AB35D6A}.DVD-5|Any CPU.ActiveCfg = Debug|Any CPU
		{7CB50BCF-51FC-4D90-A3DE-52474AB35D6A}.DVD-5|Any CPU.Build.0 = Debug|Any CPU
		{7CB50BCF-51FC-4D90-A3DE-52474AB35D6A}.DVD-5|x86.ActiveCfg = Debug|Any CPU
		{7CB50BCF-51FC-4D90-A3DE-52474AB35D6A}.Release|Any CPU.ActiveCfg = Release|Any CPU
		{7CB50BCF-51FC-4D90-A3DE-52474AB35D6A}.Release|Any CPU.Build.0 = Release|Any CPU
		{7CB50BCF-51FC-4D90-A3DE-52474AB35D6A}.Release|x86.ActiveCfg = Release|Any CPU
		{7CB50BCF-51FC-4D90-A3DE-52474AB35D6A}.SingleImage|Any CPU.ActiveCfg = Release|Any CPU
		{7CB50BCF-51FC-4D90-A3DE-52474AB35D6A}.SingleImage|Any CPU.Build.0 = Release|Any CPU
		{7CB50BCF-51FC-4D90-A3DE-52474AB35D6A}.SingleImage|x86.ActiveCfg = Release|Any CPU
		{1F980406-6021-4C71-A191-DB4D5A98ADBD}.CD_ROM|Any CPU.ActiveCfg = Release|Any CPU
		{1F980406-6021-4C71-A191-DB4D5A98ADBD}.CD_ROM|Any CPU.Build.0 = Release|Any CPU
		{1F980406-6021-4C71-A191-DB4D5A98ADBD}.CD_ROM|x86.ActiveCfg = Release|Any CPU
		{1F980406-6021-4C71-A191-DB4D5A98ADBD}.Debug|Any CPU.ActiveCfg = Debug|Any CPU
		{1F980406-6021-4C71-A191-DB4D5A98ADBD}.Debug|Any CPU.Build.0 = Debug|Any CPU
		{1F980406-6021-4C71-A191-DB4D5A98ADBD}.Debug|x86.ActiveCfg = Debug|Any CPU
		{1F980406-6021-4C71-A191-DB4D5A98ADBD}.DVD-5|Any CPU.ActiveCfg = Debug|Any CPU
		{1F980406-6021-4C71-A191-DB4D5A98ADBD}.DVD-5|Any CPU.Build.0 = Debug|Any CPU
		{1F980406-6021-4C71-A191-DB4D5A98ADBD}.DVD-5|x86.ActiveCfg = Debug|Any CPU
		{1F980406-6021-4C71-A191-DB4D5A98ADBD}.Release|Any CPU.ActiveCfg = Release|Any CPU
		{1F980406-6021-4C71-A191-DB4D5A98ADBD}.Release|Any CPU.Build.0 = Release|Any CPU
		{1F980406-6021-4C71-A191-DB4D5A98ADBD}.Release|x86.ActiveCfg = Release|Any CPU
		{1F980406-6021-4C71-A191-DB4D5A98ADBD}.SingleImage|Any CPU.ActiveCfg = Release|Any CPU
		{1F980406-6021-4C71-A191-DB4D5A98ADBD}.SingleImage|Any CPU.Build.0 = Release|Any CPU
		{1F980406-6021-4C71-A191-DB4D5A98ADBD}.SingleImage|x86.ActiveCfg = Release|Any CPU
		{696449AC-8A8A-49B9-B5EB-5FF8D713A1EA}.CD_ROM|Any CPU.ActiveCfg = Release|Any CPU
		{696449AC-8A8A-49B9-B5EB-5FF8D713A1EA}.CD_ROM|Any CPU.Build.0 = Release|Any CPU
		{696449AC-8A8A-49B9-B5EB-5FF8D713A1EA}.CD_ROM|x86.ActiveCfg = Release|Any CPU
		{696449AC-8A8A-49B9-B5EB-5FF8D713A1EA}.Debug|Any CPU.ActiveCfg = Debug|Any CPU
		{696449AC-8A8A-49B9-B5EB-5FF8D713A1EA}.Debug|Any CPU.Build.0 = Debug|Any CPU
		{696449AC-8A8A-49B9-B5EB-5FF8D713A1EA}.Debug|x86.ActiveCfg = Debug|Any CPU
		{696449AC-8A8A-49B9-B5EB-5FF8D713A1EA}.DVD-5|Any CPU.ActiveCfg = Debug|Any CPU
		{696449AC-8A8A-49B9-B5EB-5FF8D713A1EA}.DVD-5|Any CPU.Build.0 = Debug|Any CPU
		{696449AC-8A8A-49B9-B5EB-5FF8D713A1EA}.DVD-5|x86.ActiveCfg = Debug|Any CPU
		{696449AC-8A8A-49B9-B5EB-5FF8D713A1EA}.Release|Any CPU.ActiveCfg = Release|Any CPU
		{696449AC-8A8A-49B9-B5EB-5FF8D713A1EA}.Release|Any CPU.Build.0 = Release|Any CPU
		{696449AC-8A8A-49B9-B5EB-5FF8D713A1EA}.Release|x86.ActiveCfg = Release|Any CPU
		{696449AC-8A8A-49B9-B5EB-5FF8D713A1EA}.SingleImage|Any CPU.ActiveCfg = Release|Any CPU
		{696449AC-8A8A-49B9-B5EB-5FF8D713A1EA}.SingleImage|Any CPU.Build.0 = Release|Any CPU
		{696449AC-8A8A-49B9-B5EB-5FF8D713A1EA}.SingleImage|x86.ActiveCfg = Release|Any CPU
		{F6B6DDD9-63FC-4C77-9C3D-87242F7D439A}.CD_ROM|Any CPU.ActiveCfg = Release|Any CPU
		{F6B6DDD9-63FC-4C77-9C3D-87242F7D439A}.CD_ROM|Any CPU.Build.0 = Release|Any CPU
		{F6B6DDD9-63FC-4C77-9C3D-87242F7D439A}.CD_ROM|x86.ActiveCfg = Release|Any CPU
		{F6B6DDD9-63FC-4C77-9C3D-87242F7D439A}.Debug|Any CPU.ActiveCfg = Debug|Any CPU
		{F6B6DDD9-63FC-4C77-9C3D-87242F7D439A}.Debug|Any CPU.Build.0 = Debug|Any CPU
		{F6B6DDD9-63FC-4C77-9C3D-87242F7D439A}.Debug|x86.ActiveCfg = Debug|Any CPU
		{F6B6DDD9-63FC-4C77-9C3D-87242F7D439A}.DVD-5|Any CPU.ActiveCfg = Debug|Any CPU
		{F6B6DDD9-63FC-4C77-9C3D-87242F7D439A}.DVD-5|Any CPU.Build.0 = Debug|Any CPU
		{F6B6DDD9-63FC-4C77-9C3D-87242F7D439A}.DVD-5|x86.ActiveCfg = Debug|Any CPU
		{F6B6DDD9-63FC-4C77-9C3D-87242F7D439A}.Release|Any CPU.ActiveCfg = Release|Any CPU
		{F6B6DDD9-63FC-4C77-9C3D-87242F7D439A}.Release|Any CPU.Build.0 = Release|Any CPU
		{F6B6DDD9-63FC-4C77-9C3D-87242F7D439A}.Release|x86.ActiveCfg = Release|Any CPU
		{F6B6DDD9-63FC-4C77-9C3D-87242F7D439A}.SingleImage|Any CPU.ActiveCfg = Release|Any CPU
		{F6B6DDD9-63FC-4C77-9C3D-87242F7D439A}.SingleImage|Any CPU.Build.0 = Release|Any CPU
		{F6B6DDD9-63FC-4C77-9C3D-87242F7D439A}.SingleImage|x86.ActiveCfg = Release|Any CPU
		{6638A36A-2C78-4F81-85DF-A2B570148052}.CD_ROM|Any CPU.ActiveCfg = Release|Any CPU
		{6638A36A-2C78-4F81-85DF-A2B570148052}.CD_ROM|Any CPU.Build.0 = Release|Any CPU
		{6638A36A-2C78-4F81-85DF-A2B570148052}.CD_ROM|x86.ActiveCfg = Release|Any CPU
		{6638A36A-2C78-4F81-85DF-A2B570148052}.Debug|Any CPU.ActiveCfg = Debug|Any CPU
		{6638A36A-2C78-4F81-85DF-A2B570148052}.Debug|Any CPU.Build.0 = Debug|Any CPU
		{6638A36A-2C78-4F81-85DF-A2B570148052}.Debug|x86.ActiveCfg = Debug|Any CPU
		{6638A36A-2C78-4F81-85DF-A2B570148052}.DVD-5|Any CPU.ActiveCfg = Debug|Any CPU
		{6638A36A-2C78-4F81-85DF-A2B570148052}.DVD-5|Any CPU.Build.0 = Debug|Any CPU
		{6638A36A-2C78-4F81-85DF-A2B570148052}.DVD-5|x86.ActiveCfg = Debug|Any CPU
		{6638A36A-2C78-4F81-85DF-A2B570148052}.Release|Any CPU.ActiveCfg = Release|Any CPU
		{6638A36A-2C78-4F81-85DF-A2B570148052}.Release|Any CPU.Build.0 = Release|Any CPU
		{6638A36A-2C78-4F81-85DF-A2B570148052}.Release|x86.ActiveCfg = Release|Any CPU
		{6638A36A-2C78-4F81-85DF-A2B570148052}.SingleImage|Any CPU.ActiveCfg = Release|Any CPU
		{6638A36A-2C78-4F81-85DF-A2B570148052}.SingleImage|Any CPU.Build.0 = Release|Any CPU
		{6638A36A-2C78-4F81-85DF-A2B570148052}.SingleImage|x86.ActiveCfg = Release|Any CPU
		{CB7F3139-D1F7-4D81-A182-A5431608BF90}.CD_ROM|Any CPU.ActiveCfg = Release|Any CPU
		{CB7F3139-D1F7-4D81-A182-A5431608BF90}.CD_ROM|Any CPU.Build.0 = Release|Any CPU
		{CB7F3139-D1F7-4D81-A182-A5431608BF90}.CD_ROM|x86.ActiveCfg = Release|Any CPU
		{CB7F3139-D1F7-4D81-A182-A5431608BF90}.Debug|Any CPU.ActiveCfg = Debug|Any CPU
		{CB7F3139-D1F7-4D81-A182-A5431608BF90}.Debug|Any CPU.Build.0 = Debug|Any CPU
		{CB7F3139-D1F7-4D81-A182-A5431608BF90}.Debug|x86.ActiveCfg = Debug|Any CPU
		{CB7F3139-D1F7-4D81-A182-A5431608BF90}.DVD-5|Any CPU.ActiveCfg = Debug|Any CPU
		{CB7F3139-D1F7-4D81-A182-A5431608BF90}.DVD-5|Any CPU.Build.0 = Debug|Any CPU
		{CB7F3139-D1F7-4D81-A182-A5431608BF90}.DVD-5|x86.ActiveCfg = Debug|Any CPU
		{CB7F3139-D1F7-4D81-A182-A5431608BF90}.Release|Any CPU.ActiveCfg = Release|Any CPU
		{CB7F3139-D1F7-4D81-A182-A5431608BF90}.Release|Any CPU.Build.0 = Release|Any CPU
		{CB7F3139-D1F7-4D81-A182-A5431608BF90}.Release|x86.ActiveCfg = Release|Any CPU
		{CB7F3139-D1F7-4D81-A182-A5431608BF90}.SingleImage|Any CPU.ActiveCfg = Release|Any CPU
		{CB7F3139-D1F7-4D81-A182-A5431608BF90}.SingleImage|Any CPU.Build.0 = Release|Any CPU
		{CB7F3139-D1F7-4D81-A182-A5431608BF90}.SingleImage|x86.ActiveCfg = Release|Any CPU
		{1403584D-9F44-4949-BEFE-CCDD2A5221A9}.CD_ROM|Any CPU.ActiveCfg = Release|Any CPU
		{1403584D-9F44-4949-BEFE-CCDD2A5221A9}.CD_ROM|Any CPU.Build.0 = Release|Any CPU
		{1403584D-9F44-4949-BEFE-CCDD2A5221A9}.CD_ROM|x86.ActiveCfg = Release|Any CPU
		{1403584D-9F44-4949-BEFE-CCDD2A5221A9}.Debug|Any CPU.ActiveCfg = Debug|Any CPU
		{1403584D-9F44-4949-BEFE-CCDD2A5221A9}.Debug|Any CPU.Build.0 = Debug|Any CPU
		{1403584D-9F44-4949-BEFE-CCDD2A5221A9}.Debug|x86.ActiveCfg = Debug|Any CPU
		{1403584D-9F44-4949-BEFE-CCDD2A5221A9}.DVD-5|Any CPU.ActiveCfg = Debug|Any CPU
		{1403584D-9F44-4949-BEFE-CCDD2A5221A9}.DVD-5|Any CPU.Build.0 = Debug|Any CPU
		{1403584D-9F44-4949-BEFE-CCDD2A5221A9}.DVD-5|x86.ActiveCfg = Debug|Any CPU
		{1403584D-9F44-4949-BEFE-CCDD2A5221A9}.Release|Any CPU.ActiveCfg = Release|Any CPU
		{1403584D-9F44-4949-BEFE-CCDD2A5221A9}.Release|Any CPU.Build.0 = Release|Any CPU
		{1403584D-9F44-4949-BEFE-CCDD2A5221A9}.Release|x86.ActiveCfg = Release|Any CPU
		{1403584D-9F44-4949-BEFE-CCDD2A5221A9}.SingleImage|Any CPU.ActiveCfg = Release|Any CPU
		{1403584D-9F44-4949-BEFE-CCDD2A5221A9}.SingleImage|Any CPU.Build.0 = Release|Any CPU
		{1403584D-9F44-4949-BEFE-CCDD2A5221A9}.SingleImage|x86.ActiveCfg = Release|Any CPU
		{0FB17E90-1AFE-4B80-98BF-08CC2DAC5955}.CD_ROM|Any CPU.ActiveCfg = Release|Any CPU
		{0FB17E90-1AFE-4B80-98BF-08CC2DAC5955}.CD_ROM|Any CPU.Build.0 = Release|Any CPU
		{0FB17E90-1AFE-4B80-98BF-08CC2DAC5955}.CD_ROM|x86.ActiveCfg = Release|Any CPU
		{0FB17E90-1AFE-4B80-98BF-08CC2DAC5955}.Debug|Any CPU.ActiveCfg = Debug|Any CPU
		{0FB17E90-1AFE-4B80-98BF-08CC2DAC5955}.Debug|Any CPU.Build.0 = Debug|Any CPU
		{0FB17E90-1AFE-4B80-98BF-08CC2DAC5955}.Debug|x86.ActiveCfg = Debug|Any CPU
		{0FB17E90-1AFE-4B80-98BF-08CC2DAC5955}.DVD-5|Any CPU.ActiveCfg = Debug|Any CPU
		{0FB17E90-1AFE-4B80-98BF-08CC2DAC5955}.DVD-5|Any CPU.Build.0 = Debug|Any CPU
		{0FB17E90-1AFE-4B80-98BF-08CC2DAC5955}.DVD-5|x86.ActiveCfg = Debug|Any CPU
		{0FB17E90-1AFE-4B80-98BF-08CC2DAC5955}.Release|Any CPU.ActiveCfg = Release|Any CPU
		{0FB17E90-1AFE-4B80-98BF-08CC2DAC5955}.Release|Any CPU.Build.0 = Release|Any CPU
		{0FB17E90-1AFE-4B80-98BF-08CC2DAC5955}.Release|x86.ActiveCfg = Release|Any CPU
		{0FB17E90-1AFE-4B80-98BF-08CC2DAC5955}.SingleImage|Any CPU.ActiveCfg = Release|Any CPU
		{0FB17E90-1AFE-4B80-98BF-08CC2DAC5955}.SingleImage|Any CPU.Build.0 = Release|Any CPU
		{0FB17E90-1AFE-4B80-98BF-08CC2DAC5955}.SingleImage|x86.ActiveCfg = Release|Any CPU
	EndGlobalSection
	GlobalSection(SolutionProperties) = preSolution
		HideSolutionNode = FALSE
	EndGlobalSection
	GlobalSection(NestedProjects) = preSolution
		{FCC85CB5-2A30-440C-9F6A-9B3EBAD11FCA} = {E6238479-95F2-4CCC-8FE0-DDB06ADE11DF}
		{A846FC9D-582B-413D-8F56-5263366AEBA2} = {FCC85CB5-2A30-440C-9F6A-9B3EBAD11FCA}
		{1F980406-6021-4C71-A191-DB4D5A98ADBD} = {A846FC9D-582B-413D-8F56-5263366AEBA2}
		{696449AC-8A8A-49B9-B5EB-5FF8D713A1EA} = {A846FC9D-582B-413D-8F56-5263366AEBA2}
		{F6B6DDD9-63FC-4C77-9C3D-87242F7D439A} = {A846FC9D-582B-413D-8F56-5263366AEBA2}
		{6638A36A-2C78-4F81-85DF-A2B570148052} = {A846FC9D-582B-413D-8F56-5263366AEBA2}
		{9362FC80-17C0-47F3-8B3F-C999792CF07A} = {F5F389D6-A5EC-49FC-AE74-655FE4269E86}
		{7475836B-B40D-4DD1-AA02-76D28506942A} = {1B4BACA5-1D81-44CE-9545-9B619483E039}
		{2DF76CA1-CB45-4509-A1B1-40757D1991A7} = {1B4BACA5-1D81-44CE-9545-9B619483E039}
		{9FCCFF44-9DAB-491F-8CAB-1E358D69694F} = {1B4BACA5-1D81-44CE-9545-9B619483E039}
		{7CB50BCF-51FC-4D90-A3DE-52474AB35D6A} = {1B4BACA5-1D81-44CE-9545-9B619483E039}
		{1139CFD5-70CB-41FE-BADF-C6F37D903773} = {EDB7822F-9F27-49AE-94B7-2E8A5079B769}
		{F0A8E10E-8DEA-4F8C-A555-406E52B23230} = {03AEDF33-CE1E-4ECD-ACDA-DA6D46E1F08E}
		{B37179C7-18D7-4094-89CF-6738F36FB9FB} = {03AEDF33-CE1E-4ECD-ACDA-DA6D46E1F08E}
		{308168BB-8666-4155-891D-9B1301B7CB6C} = {03AEDF33-CE1E-4ECD-ACDA-DA6D46E1F08E}
		{F3697178-8AE6-4E5A-89DC-8DD773766106} = {03AEDF33-CE1E-4ECD-ACDA-DA6D46E1F08E}
		{CB7F3139-D1F7-4D81-A182-A5431608BF90} = {03AEDF33-CE1E-4ECD-ACDA-DA6D46E1F08E}
		{1403584D-9F44-4949-BEFE-CCDD2A5221A9} = {03AEDF33-CE1E-4ECD-ACDA-DA6D46E1F08E}
		{0FB17E90-1AFE-4B80-98BF-08CC2DAC5955} = {03AEDF33-CE1E-4ECD-ACDA-DA6D46E1F08E}
		{FF88AF37-1850-421C-A833-1F0E75B87D19} = {DCC4593B-8581-4345-BFB0-559D67A31A1D}
		{CB0C977F-4327-4E66-B208-D537B379666E} = {473DE6F4-A0B8-4031-A38D-AB086F832A40}
		{69892E43-0384-47C5-A240-217E5AE4E171} = {473DE6F4-A0B8-4031-A38D-AB086F832A40}
		{FB1EF46F-F120-4600-81F7-19F1A1E4445C} = {473DE6F4-A0B8-4031-A38D-AB086F832A40}
		{C3752F64-1186-4EE3-B273-50844DB55456} = {473DE6F4-A0B8-4031-A38D-AB086F832A40}
		{39038B2A-C877-4C96-BF39-FA07EA2BA965} = {473DE6F4-A0B8-4031-A38D-AB086F832A40}
		{14721E2B-3373-4977-8FCD-BFF1EC74E017} = {473DE6F4-A0B8-4031-A38D-AB086F832A40}
	EndGlobalSection
EndGlobal
